# PHPantom stubs lock file — pinned phpstorm-stubs version.
#
# This file is checked into version control and read by build.rs to
# ensure reproducible builds with integrity-verified stubs.
#
# To update, run:  scripts/update-stubs.sh

# The GitHub repository to fetch stubs from.
# Use "JetBrains/phpstorm-stubs" for upstream, or a fork like
# "AJenbo/phpstorm-stubs" for fixes not yet merged upstream.
repo = "JetBrains/phpstorm-stubs"

# The pinned commit SHA.
commit = "ff037b3cf9ea992a970805769e7818c49cc1ad4c"

# SHA-256 hash of the GitHub-generated tarball for the commit above.
sha256 = "b2021777319569248677db952e6ee12c59363b67e265a29c974fce8bfc3a7a92"
